
Microsoft Visual Studio Solution File, Format Version 12.00
# Visual Studio 14
VisualStudioVersion = 14.0.24720.0
MinimumVisualStudioVersion = 10.0.40219.1
Project("{8BB2217D-0F2D-49D1-97BC-3654ED321F3B}") = "CK.Infrastructure.Commands", "CK.Infrastructure.Commands\CK.Infrastructure.Commands.xproj", "{0E843608-7752-44AD-9D82-AEDED5F8A723}"
EndProject
Project("{8BB2217D-0F2D-49D1-97BC-3654ED321F3B}") = "CK.Infrastructure.Commands.Tests", "CK.Infrastructure.Commands.Tests\CK.Infrastructure.Commands.Tests.xproj", "{732172E8-ECE3-48A6-A8D0-4DE7FC0EC419}"
EndProject
Project("{8BB2217D-0F2D-49D1-97BC-3654ED321F3B}") = "CK.Infrastructure.Commands.Abstractions", "CK.Infrastructure.Commands.Abstractions\CK.Infrastructure.Commands.Abstractions.xproj", "{7605F8FB-B447-4D6B-91F6-D85ACC9DDBB7}"
EndProject
Project("{8BB2217D-0F2D-49D1-97BC-3654ED321F3B}") = "CK.Infrastructure.Commands.Runtime", "CK.Infrastructure.Commands.Runtime\CK.Infrastructure.Commands.Runtime.xproj", "{52C1088B-F87D-489D-B592-38F3881B2271}"
EndProject
Project("{8BB2217D-0F2D-49D1-97BC-3654ED321F3B}") = "CK.Infrastructure.Commands.Extensions", "CK.Infrastructure.Commands.Extensions\CK.Infrastructure.Commands.Extensions.xproj", "{D6009499-F1E5-40DC-BA95-3440A2E721A6}"
EndProject
Project("{2150E333-8FDC-42A3-9474-1A3956D46DE8}") = ".SolutionItems", ".SolutionItems", "{22EC622B-B1FE-4EA5-B828-83D2FF952DA4}"
	ProjectSection(SolutionItems) = preProject
		publish.cmd = publish.cmd
		RepositoryInfo.xml = RepositoryInfo.xml
	EndProjectSection
EndProject
Project("{8BB2217D-0F2D-49D1-97BC-3654ED321F3B}") = "CK.Infrastructure.Commands.Tests.Integration", "CK.Infrastructure.Commands.Tests.Integration\CK.Infrastructure.Commands.Tests.Integration.xproj", "{0506418E-9F16-4C48-9731-6513904913F2}"
EndProject
Project("{8BB2217D-0F2D-49D1-97BC-3654ED321F3B}") = "CK.Infrastructure.Commands.CodeCakeBuilder", "build\CK.Infrastructure.Commands.CodeCakeBuilder.xproj", "{99A89DF1-1D07-49E3-ADD5-FED45DE1DFCE}"
EndProject
Project("{2150E333-8FDC-42A3-9474-1A3956D46DE8}") = "Tests", "Tests", "{3CE4C342-9DE5-4B1F-B88F-668638BD3307}"
EndProject
Project("{2150E333-8FDC-42A3-9474-1A3956D46DE8}") = "Build", "Build", "{E40F348D-BC6C-456E-B765-26AFD6633112}"
EndProject
Global
	GlobalSection(SolutionConfigurationPlatforms) = preSolution
		Debug|Any CPU = Debug|Any CPU
		Release|Any CPU = Release|Any CPU
	EndGlobalSection
	GlobalSection(ProjectConfigurationPlatforms) = postSolution
		{0E843608-7752-44AD-9D82-AEDED5F8A723}.Debug|Any CPU.ActiveCfg = Debug|Any CPU
		{0E843608-7752-44AD-9D82-AEDED5F8A723}.Debug|Any CPU.Build.0 = Debug|Any CPU
		{0E843608-7752-44AD-9D82-AEDED5F8A723}.Release|Any CPU.ActiveCfg = Release|Any CPU
		{0E843608-7752-44AD-9D82-AEDED5F8A723}.Release|Any CPU.Build.0 = Release|Any CPU
		{732172E8-ECE3-48A6-A8D0-4DE7FC0EC419}.Debug|Any CPU.ActiveCfg = Debug|Any CPU
		{732172E8-ECE3-48A6-A8D0-4DE7FC0EC419}.Debug|Any CPU.Build.0 = Debug|Any CPU
		{732172E8-ECE3-48A6-A8D0-4DE7FC0EC419}.Release|Any CPU.ActiveCfg = Release|Any CPU
		{732172E8-ECE3-48A6-A8D0-4DE7FC0EC419}.Release|Any CPU.Build.0 = Release|Any CPU
		{7605F8FB-B447-4D6B-91F6-D85ACC9DDBB7}.Debug|Any CPU.ActiveCfg = Debug|Any CPU
		{7605F8FB-B447-4D6B-91F6-D85ACC9DDBB7}.Debug|Any CPU.Build.0 = Debug|Any CPU
		{7605F8FB-B447-4D6B-91F6-D85ACC9DDBB7}.Release|Any CPU.ActiveCfg = Release|Any CPU
		{7605F8FB-B447-4D6B-91F6-D85ACC9DDBB7}.Release|Any CPU.Build.0 = Release|Any CPU
		{52C1088B-F87D-489D-B592-38F3881B2271}.Debug|Any CPU.ActiveCfg = Debug|Any CPU
		{52C1088B-F87D-489D-B592-38F3881B2271}.Debug|Any CPU.Build.0 = Debug|Any CPU
		{52C1088B-F87D-489D-B592-38F3881B2271}.Release|Any CPU.ActiveCfg = Release|Any CPU
		{52C1088B-F87D-489D-B592-38F3881B2271}.Release|Any CPU.Build.0 = Release|Any CPU
		{D6009499-F1E5-40DC-BA95-3440A2E721A6}.Debug|Any CPU.ActiveCfg = Debug|Any CPU
		{D6009499-F1E5-40DC-BA95-3440A2E721A6}.Debug|Any CPU.Build.0 = Debug|Any CPU
		{D6009499-F1E5-40DC-BA95-3440A2E721A6}.Release|Any CPU.ActiveCfg = Release|Any CPU
		{D6009499-F1E5-40DC-BA95-3440A2E721A6}.Release|Any CPU.Build.0 = Release|Any CPU
		{0506418E-9F16-4C48-9731-6513904913F2}.Debug|Any CPU.ActiveCfg = Debug|Any CPU
		{0506418E-9F16-4C48-9731-6513904913F2}.Debug|Any CPU.Build.0 = Debug|Any CPU
		{0506418E-9F16-4C48-9731-6513904913F2}.Release|Any CPU.ActiveCfg = Release|Any CPU
		{0506418E-9F16-4C48-9731-6513904913F2}.Release|Any CPU.Build.0 = Release|Any CPU
		{99A89DF1-1D07-49E3-ADD5-FED45DE1DFCE}.Debug|Any CPU.ActiveCfg = Debug|Any CPU
		{99A89DF1-1D07-49E3-ADD5-FED45DE1DFCE}.Debug|Any CPU.Build.0 = Debug|Any CPU
		{99A89DF1-1D07-49E3-ADD5-FED45DE1DFCE}.Release|Any CPU.ActiveCfg = Release|Any CPU
		{99A89DF1-1D07-49E3-ADD5-FED45DE1DFCE}.Release|Any CPU.Build.0 = Release|Any CPU
	EndGlobalSection
	GlobalSection(SolutionProperties) = preSolution
		HideSolutionNode = FALSE
	EndGlobalSection
	GlobalSection(NestedProjects) = preSolution
		{732172E8-ECE3-48A6-A8D0-4DE7FC0EC419} = {3CE4C342-9DE5-4B1F-B88F-668638BD3307}
		{0506418E-9F16-4C48-9731-6513904913F2} = {3CE4C342-9DE5-4B1F-B88F-668638BD3307}
		{99A89DF1-1D07-49E3-ADD5-FED45DE1DFCE} = {E40F348D-BC6C-456E-B765-26AFD6633112}
	EndGlobalSection
EndGlobal
