
Microsoft Visual Studio Solution File, Format Version 12.00
# Visual Studio 14
VisualStudioVersion = 14.0.25123.0
MinimumVisualStudioVersion = 10.0.40219.1
Project("{2150E333-8FDC-42A3-9474-1A3956D46DE8}") = ".SolutionItems", ".SolutionItems", "{22EC622B-B1FE-4EA5-B828-83D2FF952DA4}"
	ProjectSection(SolutionItems) = preProject
		RepositoryInfo.xml = RepositoryInfo.xml
	EndProjectSection
EndProject
Project("{2150E333-8FDC-42A3-9474-1A3956D46DE8}") = "Build", "Build", "{E40F348D-BC6C-456E-B765-26AFD6633112}"
EndProject
Project("{FAE04EC0-301F-11D3-BF4B-00C04F79EFBC}") = "CodeCakeBuilder", "build\CodeCakeBuilder.csproj", "{6B0B3EA5-FCD4-464E-BCC6-5FC16E9A4D6E}"
EndProject
Global
	GlobalSection(SolutionConfigurationPlatforms) = preSolution
		Debug|Any CPU = Debug|Any CPU
		Release|Any CPU = Release|Any CPU
	EndGlobalSection
	GlobalSection(ProjectConfigurationPlatforms) = postSolution
		{6B0B3EA5-FCD4-464E-BCC6-5FC16E9A4D6E}.Debug|Any CPU.ActiveCfg = Debug|Any CPU
		{6B0B3EA5-FCD4-464E-BCC6-5FC16E9A4D6E}.Debug|Any CPU.Build.0 = Debug|Any CPU
		{6B0B3EA5-FCD4-464E-BCC6-5FC16E9A4D6E}.Release|Any CPU.ActiveCfg = Release|Any CPU
		{6B0B3EA5-FCD4-464E-BCC6-5FC16E9A4D6E}.Release|Any CPU.Build.0 = Release|Any CPU
	EndGlobalSection
	GlobalSection(SolutionProperties) = preSolution
		HideSolutionNode = FALSE
	EndGlobalSection
	GlobalSection(NestedProjects) = preSolution
		{6B0B3EA5-FCD4-464E-BCC6-5FC16E9A4D6E} = {E40F348D-BC6C-456E-B765-26AFD6633112}
	EndGlobalSection
EndGlobal
