
Microsoft Visual Studio Solution File, Format Version 12.00
# Visual Studio 15
VisualStudioVersion = 15.0.26430.6
MinimumVisualStudioVersion = 10.0.40219.1
Project("{2150E333-8FDC-42A3-9474-1A3956D46DE8}") = ".SolutionItems", ".SolutionItems", "{22EC622B-B1FE-4EA5-B828-83D2FF952DA4}"
	ProjectSection(SolutionItems) = preProject
		BuildPackPackarium.bat = BuildPackPackarium.bat
		RepositoryInfo.xml = RepositoryInfo.xml
	EndProjectSection
EndProject
Project("{FAE04EC0-301F-11D3-BF4B-00C04F79EFBC}") = "CK.Crs.Runtime", "CK.Crs.Runtime\CK.Crs.Runtime.csproj", "{52C1088B-F87D-489D-B592-38F3881B2271}"
EndProject
Project("{FAE04EC0-301F-11D3-BF4B-00C04F79EFBC}") = "CK.Crs.Abstractions", "CK.Crs.Abstractions\CK.Crs.Abstractions.csproj", "{7605F8FB-B447-4D6B-91F6-D85ACC9DDBB7}"
EndProject
Project("{FAE04EC0-301F-11D3-BF4B-00C04F79EFBC}") = "CK.Crs.Receiver", "CK.Crs.Receiver\CK.Crs.Receiver.csproj", "{56BAEDA5-6EA6-4E23-8FDD-D1DC428EA6BE}"
EndProject
Project("{FAE04EC0-301F-11D3-BF4B-00C04F79EFBC}") = "CK.Crs.Execution", "CK.Crs.Execution\CK.Crs.Execution.csproj", "{F09F1CAC-1C01-498B-9CD3-8A6D0E6928D5}"
EndProject
Project("{FAE04EC0-301F-11D3-BF4B-00C04F79EFBC}") = "CK.Crs.AspNetCore", "CK.Crs.AspNetCore\CK.Crs.AspNetCore.csproj", "{B08C79A1-2543-402B-9819-8F8E26F0152D}"
EndProject
Project("{FAE04EC0-301F-11D3-BF4B-00C04F79EFBC}") = "CK.Crs.OpenAPI", "CK.Crs.OpenAPI\CK.Crs.OpenAPI.csproj", "{9A44942D-26D7-4609-B56E-58452136C25B}"
EndProject
Project("{9A19103F-16F7-4668-BE54-9A1E7A4F7556}") = "CK.Crs.Samples.AspNetCoreApp", "CK.AspNetCore.CrsApp\CK.Crs.Samples.AspNetCoreApp.csproj", "{C412DB42-9922-470C-B78B-21D60443EF9F}"
EndProject
Project("{FAE04EC0-301F-11D3-BF4B-00C04F79EFBC}") = "CK.Crs.Samples.ExecutorApp", "CK.Crs.Samples.ExecutorApp\CK.Crs.Samples.ExecutorApp.csproj", "{56035BA3-5C6C-4492-8BB1-AADFBCA9677C}"
EndProject
Project("{2150E333-8FDC-42A3-9474-1A3956D46DE8}") = "Samples", "Samples", "{7D57BE6C-724C-462F-878C-4F89FC56CC1B}"
EndProject
Project("{FAE04EC0-301F-11D3-BF4B-00C04F79EFBC}") = "CK.Crs.Samples.Messages", "CK.Crs.Samples.Messages\CK.Crs.Samples.Messages.csproj", "{7D9D758C-48FA-40ED-BE03-EEDD1078E90A}"
EndProject
Project("{FAE04EC0-301F-11D3-BF4B-00C04F79EFBC}") = "CK.Crs.Samples.Handlers", "CK.Crs.Samples.Handlers\CK.Crs.Samples.Handlers.csproj", "{A51A8BDD-272D-4537-BFB7-0249E80D66A5}"
EndProject
Project("{2150E333-8FDC-42A3-9474-1A3956D46DE8}") = "Apps", "Apps", "{4F6E7165-EB7C-45F6-BFA7-C0F62717E8B4}"
	ProjectSection(SolutionItems) = preProject
		SharedConfig.json = SharedConfig.json
	EndProjectSection
EndProject
Project("{2150E333-8FDC-42A3-9474-1A3956D46DE8}") = "Labs", "Labs", "{D542773A-132C-4242-A086-BC6505F12B89}"
EndProject
Project("{FAE04EC0-301F-11D3-BF4B-00C04F79EFBC}") = "CK.Crs.Scalability.FileSystem", "CK.Crs.Scalability.FileSystem\CK.Crs.Scalability.FileSystem.csproj", "{B78E38E4-2AC3-4B8B-BD95-75D25BA2B3CC}"
EndProject
Project("{FAE04EC0-301F-11D3-BF4B-00C04F79EFBC}") = "CK.Crs.Scalability.Redis", "CK.Crs.Scalability.Redis\CK.Crs.Scalability.Redis.csproj", "{77D8DA0E-AE0E-4C1E-BC36-98E1B9B6565B}"
EndProject
Project("{FAE04EC0-301F-11D3-BF4B-00C04F79EFBC}") = "CK.Crs.Scalability.Tcp", "CK.Crs.Scalability.Tcp\CK.Crs.Scalability.Tcp.csproj", "{351D888E-1695-411C-A6F5-D09DF198B48C}"
EndProject
Project("{FAE04EC0-301F-11D3-BF4B-00C04F79EFBC}") = "CK.Crs.Scalability", "CK.Crs.Scalability\CK.Crs.Scalability.csproj", "{4BDB9E9F-2BF4-4FD4-8FE8-814D1236E6F3}"
EndProject
Project("{FAE04EC0-301F-11D3-BF4B-00C04F79EFBC}") = "CK.Crs.Scalability.Azure", "CK.Crs.Scalability.Azure\CK.Crs.Scalability.Azure.csproj", "{FD4E4F09-5590-4BAF-BB93-D8C56D5D08AD}"
EndProject
Project("{FAE04EC0-301F-11D3-BF4B-00C04F79EFBC}") = "CK.Crs.Scalability.Http", "CK.Crs.Scalability.Http\CK.Crs.Scalability.Http.csproj", "{502FB2C3-32D1-47AF-9993-089089182BA9}"
EndProject
Project("{FAE04EC0-301F-11D3-BF4B-00C04F79EFBC}") = "CK.Crs.Scalability.Tests", "Tests\CK.Crs.Scalability.Tests\CK.Crs.Scalability.Tests.csproj", "{91D7865B-DB67-4B8F-A0AD-5345BBC3F515}"
EndProject
Global
	GlobalSection(SolutionConfigurationPlatforms) = preSolution
		Debug|Any CPU = Debug|Any CPU
		Debug|x86 = Debug|x86
		Release|Any CPU = Release|Any CPU
		Release|x86 = Release|x86
	EndGlobalSection
	GlobalSection(ProjectConfigurationPlatforms) = postSolution
		{52C1088B-F87D-489D-B592-38F3881B2271}.Debug|Any CPU.ActiveCfg = Debug|Any CPU
		{52C1088B-F87D-489D-B592-38F3881B2271}.Debug|Any CPU.Build.0 = Debug|Any CPU
		{52C1088B-F87D-489D-B592-38F3881B2271}.Debug|x86.ActiveCfg = Debug|Any CPU
		{52C1088B-F87D-489D-B592-38F3881B2271}.Debug|x86.Build.0 = Debug|Any CPU
		{52C1088B-F87D-489D-B592-38F3881B2271}.Release|Any CPU.ActiveCfg = Debug|Any CPU
		{52C1088B-F87D-489D-B592-38F3881B2271}.Release|Any CPU.Build.0 = Debug|Any CPU
		{52C1088B-F87D-489D-B592-38F3881B2271}.Release|x86.ActiveCfg = Release|Any CPU
		{52C1088B-F87D-489D-B592-38F3881B2271}.Release|x86.Build.0 = Release|Any CPU
		{7605F8FB-B447-4D6B-91F6-D85ACC9DDBB7}.Debug|Any CPU.ActiveCfg = Debug|Any CPU
		{7605F8FB-B447-4D6B-91F6-D85ACC9DDBB7}.Debug|Any CPU.Build.0 = Debug|Any CPU
		{7605F8FB-B447-4D6B-91F6-D85ACC9DDBB7}.Debug|x86.ActiveCfg = Debug|Any CPU
		{7605F8FB-B447-4D6B-91F6-D85ACC9DDBB7}.Debug|x86.Build.0 = Debug|Any CPU
		{7605F8FB-B447-4D6B-91F6-D85ACC9DDBB7}.Release|Any CPU.ActiveCfg = Debug|Any CPU
		{7605F8FB-B447-4D6B-91F6-D85ACC9DDBB7}.Release|Any CPU.Build.0 = Debug|Any CPU
		{7605F8FB-B447-4D6B-91F6-D85ACC9DDBB7}.Release|x86.ActiveCfg = Release|Any CPU
		{7605F8FB-B447-4D6B-91F6-D85ACC9DDBB7}.Release|x86.Build.0 = Release|Any CPU
		{56BAEDA5-6EA6-4E23-8FDD-D1DC428EA6BE}.Debug|Any CPU.ActiveCfg = Debug|Any CPU
		{56BAEDA5-6EA6-4E23-8FDD-D1DC428EA6BE}.Debug|Any CPU.Build.0 = Debug|Any CPU
		{56BAEDA5-6EA6-4E23-8FDD-D1DC428EA6BE}.Debug|x86.ActiveCfg = Debug|Any CPU
		{56BAEDA5-6EA6-4E23-8FDD-D1DC428EA6BE}.Debug|x86.Build.0 = Debug|Any CPU
		{56BAEDA5-6EA6-4E23-8FDD-D1DC428EA6BE}.Release|Any CPU.ActiveCfg = Debug|Any CPU
		{56BAEDA5-6EA6-4E23-8FDD-D1DC428EA6BE}.Release|Any CPU.Build.0 = Debug|Any CPU
		{56BAEDA5-6EA6-4E23-8FDD-D1DC428EA6BE}.Release|x86.ActiveCfg = Release|Any CPU
		{56BAEDA5-6EA6-4E23-8FDD-D1DC428EA6BE}.Release|x86.Build.0 = Release|Any CPU
		{F09F1CAC-1C01-498B-9CD3-8A6D0E6928D5}.Debug|Any CPU.ActiveCfg = Debug|Any CPU
		{F09F1CAC-1C01-498B-9CD3-8A6D0E6928D5}.Debug|Any CPU.Build.0 = Debug|Any CPU
		{F09F1CAC-1C01-498B-9CD3-8A6D0E6928D5}.Debug|x86.ActiveCfg = Debug|Any CPU
		{F09F1CAC-1C01-498B-9CD3-8A6D0E6928D5}.Debug|x86.Build.0 = Debug|Any CPU
		{F09F1CAC-1C01-498B-9CD3-8A6D0E6928D5}.Release|Any CPU.ActiveCfg = Debug|Any CPU
		{F09F1CAC-1C01-498B-9CD3-8A6D0E6928D5}.Release|Any CPU.Build.0 = Debug|Any CPU
		{F09F1CAC-1C01-498B-9CD3-8A6D0E6928D5}.Release|x86.ActiveCfg = Release|Any CPU
		{F09F1CAC-1C01-498B-9CD3-8A6D0E6928D5}.Release|x86.Build.0 = Release|Any CPU
		{B08C79A1-2543-402B-9819-8F8E26F0152D}.Debug|Any CPU.ActiveCfg = Debug|Any CPU
		{B08C79A1-2543-402B-9819-8F8E26F0152D}.Debug|Any CPU.Build.0 = Debug|Any CPU
		{B08C79A1-2543-402B-9819-8F8E26F0152D}.Debug|x86.ActiveCfg = Debug|Any CPU
		{B08C79A1-2543-402B-9819-8F8E26F0152D}.Debug|x86.Build.0 = Debug|Any CPU
		{B08C79A1-2543-402B-9819-8F8E26F0152D}.Release|Any CPU.ActiveCfg = Release|Any CPU
		{B08C79A1-2543-402B-9819-8F8E26F0152D}.Release|Any CPU.Build.0 = Release|Any CPU
		{B08C79A1-2543-402B-9819-8F8E26F0152D}.Release|x86.ActiveCfg = Release|Any CPU
		{B08C79A1-2543-402B-9819-8F8E26F0152D}.Release|x86.Build.0 = Release|Any CPU
		{9A44942D-26D7-4609-B56E-58452136C25B}.Debug|Any CPU.ActiveCfg = Debug|Any CPU
		{9A44942D-26D7-4609-B56E-58452136C25B}.Debug|Any CPU.Build.0 = Debug|Any CPU
		{9A44942D-26D7-4609-B56E-58452136C25B}.Debug|x86.ActiveCfg = Debug|Any CPU
		{9A44942D-26D7-4609-B56E-58452136C25B}.Debug|x86.Build.0 = Debug|Any CPU
		{9A44942D-26D7-4609-B56E-58452136C25B}.Release|Any CPU.ActiveCfg = Release|Any CPU
		{9A44942D-26D7-4609-B56E-58452136C25B}.Release|Any CPU.Build.0 = Release|Any CPU
		{9A44942D-26D7-4609-B56E-58452136C25B}.Release|x86.ActiveCfg = Release|Any CPU
		{9A44942D-26D7-4609-B56E-58452136C25B}.Release|x86.Build.0 = Release|Any CPU
		{C412DB42-9922-470C-B78B-21D60443EF9F}.Debug|Any CPU.ActiveCfg = Debug|Any CPU
		{C412DB42-9922-470C-B78B-21D60443EF9F}.Debug|Any CPU.Build.0 = Debug|Any CPU
		{C412DB42-9922-470C-B78B-21D60443EF9F}.Debug|x86.ActiveCfg = Debug|Any CPU
		{C412DB42-9922-470C-B78B-21D60443EF9F}.Debug|x86.Build.0 = Debug|Any CPU
		{C412DB42-9922-470C-B78B-21D60443EF9F}.Release|Any CPU.ActiveCfg = Release|Any CPU
		{C412DB42-9922-470C-B78B-21D60443EF9F}.Release|Any CPU.Build.0 = Release|Any CPU
		{C412DB42-9922-470C-B78B-21D60443EF9F}.Release|x86.ActiveCfg = Release|Any CPU
		{C412DB42-9922-470C-B78B-21D60443EF9F}.Release|x86.Build.0 = Release|Any CPU
		{56035BA3-5C6C-4492-8BB1-AADFBCA9677C}.Debug|Any CPU.ActiveCfg = Debug|Any CPU
		{56035BA3-5C6C-4492-8BB1-AADFBCA9677C}.Debug|Any CPU.Build.0 = Debug|Any CPU
		{56035BA3-5C6C-4492-8BB1-AADFBCA9677C}.Debug|x86.ActiveCfg = Debug|Any CPU
		{56035BA3-5C6C-4492-8BB1-AADFBCA9677C}.Debug|x86.Build.0 = Debug|Any CPU
		{56035BA3-5C6C-4492-8BB1-AADFBCA9677C}.Release|Any CPU.ActiveCfg = Release|Any CPU
		{56035BA3-5C6C-4492-8BB1-AADFBCA9677C}.Release|Any CPU.Build.0 = Release|Any CPU
		{56035BA3-5C6C-4492-8BB1-AADFBCA9677C}.Release|x86.ActiveCfg = Release|Any CPU
		{56035BA3-5C6C-4492-8BB1-AADFBCA9677C}.Release|x86.Build.0 = Release|Any CPU
		{7D9D758C-48FA-40ED-BE03-EEDD1078E90A}.Debug|Any CPU.ActiveCfg = Debug|Any CPU
		{7D9D758C-48FA-40ED-BE03-EEDD1078E90A}.Debug|Any CPU.Build.0 = Debug|Any CPU
		{7D9D758C-48FA-40ED-BE03-EEDD1078E90A}.Debug|x86.ActiveCfg = Debug|Any CPU
		{7D9D758C-48FA-40ED-BE03-EEDD1078E90A}.Debug|x86.Build.0 = Debug|Any CPU
		{7D9D758C-48FA-40ED-BE03-EEDD1078E90A}.Release|Any CPU.ActiveCfg = Release|Any CPU
		{7D9D758C-48FA-40ED-BE03-EEDD1078E90A}.Release|Any CPU.Build.0 = Release|Any CPU
		{7D9D758C-48FA-40ED-BE03-EEDD1078E90A}.Release|x86.ActiveCfg = Release|Any CPU
		{7D9D758C-48FA-40ED-BE03-EEDD1078E90A}.Release|x86.Build.0 = Release|Any CPU
		{A51A8BDD-272D-4537-BFB7-0249E80D66A5}.Debug|Any CPU.ActiveCfg = Debug|Any CPU
		{A51A8BDD-272D-4537-BFB7-0249E80D66A5}.Debug|Any CPU.Build.0 = Debug|Any CPU
		{A51A8BDD-272D-4537-BFB7-0249E80D66A5}.Debug|x86.ActiveCfg = Debug|Any CPU
		{A51A8BDD-272D-4537-BFB7-0249E80D66A5}.Debug|x86.Build.0 = Debug|Any CPU
		{A51A8BDD-272D-4537-BFB7-0249E80D66A5}.Release|Any CPU.ActiveCfg = Release|Any CPU
		{A51A8BDD-272D-4537-BFB7-0249E80D66A5}.Release|Any CPU.Build.0 = Release|Any CPU
		{A51A8BDD-272D-4537-BFB7-0249E80D66A5}.Release|x86.ActiveCfg = Release|Any CPU
		{A51A8BDD-272D-4537-BFB7-0249E80D66A5}.Release|x86.Build.0 = Release|Any CPU
		{B78E38E4-2AC3-4B8B-BD95-75D25BA2B3CC}.Debug|Any CPU.ActiveCfg = Debug|Any CPU
		{B78E38E4-2AC3-4B8B-BD95-75D25BA2B3CC}.Debug|Any CPU.Build.0 = Debug|Any CPU
		{B78E38E4-2AC3-4B8B-BD95-75D25BA2B3CC}.Debug|x86.ActiveCfg = Debug|Any CPU
		{B78E38E4-2AC3-4B8B-BD95-75D25BA2B3CC}.Debug|x86.Build.0 = Debug|Any CPU
		{B78E38E4-2AC3-4B8B-BD95-75D25BA2B3CC}.Release|Any CPU.ActiveCfg = Release|Any CPU
		{B78E38E4-2AC3-4B8B-BD95-75D25BA2B3CC}.Release|Any CPU.Build.0 = Release|Any CPU
		{B78E38E4-2AC3-4B8B-BD95-75D25BA2B3CC}.Release|x86.ActiveCfg = Release|Any CPU
		{B78E38E4-2AC3-4B8B-BD95-75D25BA2B3CC}.Release|x86.Build.0 = Release|Any CPU
		{77D8DA0E-AE0E-4C1E-BC36-98E1B9B6565B}.Debug|Any CPU.ActiveCfg = Debug|Any CPU
		{77D8DA0E-AE0E-4C1E-BC36-98E1B9B6565B}.Debug|Any CPU.Build.0 = Debug|Any CPU
		{77D8DA0E-AE0E-4C1E-BC36-98E1B9B6565B}.Debug|x86.ActiveCfg = Debug|Any CPU
		{77D8DA0E-AE0E-4C1E-BC36-98E1B9B6565B}.Debug|x86.Build.0 = Debug|Any CPU
		{77D8DA0E-AE0E-4C1E-BC36-98E1B9B6565B}.Release|Any CPU.ActiveCfg = Release|Any CPU
		{77D8DA0E-AE0E-4C1E-BC36-98E1B9B6565B}.Release|Any CPU.Build.0 = Release|Any CPU
		{77D8DA0E-AE0E-4C1E-BC36-98E1B9B6565B}.Release|x86.ActiveCfg = Release|Any CPU
		{77D8DA0E-AE0E-4C1E-BC36-98E1B9B6565B}.Release|x86.Build.0 = Release|Any CPU
		{351D888E-1695-411C-A6F5-D09DF198B48C}.Debug|Any CPU.ActiveCfg = Debug|Any CPU
		{351D888E-1695-411C-A6F5-D09DF198B48C}.Debug|Any CPU.Build.0 = Debug|Any CPU
		{351D888E-1695-411C-A6F5-D09DF198B48C}.Debug|x86.ActiveCfg = Debug|Any CPU
		{351D888E-1695-411C-A6F5-D09DF198B48C}.Debug|x86.Build.0 = Debug|Any CPU
		{351D888E-1695-411C-A6F5-D09DF198B48C}.Release|Any CPU.ActiveCfg = Release|Any CPU
		{351D888E-1695-411C-A6F5-D09DF198B48C}.Release|Any CPU.Build.0 = Release|Any CPU
		{351D888E-1695-411C-A6F5-D09DF198B48C}.Release|x86.ActiveCfg = Release|Any CPU
		{351D888E-1695-411C-A6F5-D09DF198B48C}.Release|x86.Build.0 = Release|Any CPU
		{4BDB9E9F-2BF4-4FD4-8FE8-814D1236E6F3}.Debug|Any CPU.ActiveCfg = Debug|Any CPU
		{4BDB9E9F-2BF4-4FD4-8FE8-814D1236E6F3}.Debug|Any CPU.Build.0 = Debug|Any CPU
		{4BDB9E9F-2BF4-4FD4-8FE8-814D1236E6F3}.Debug|x86.ActiveCfg = Debug|Any CPU
		{4BDB9E9F-2BF4-4FD4-8FE8-814D1236E6F3}.Debug|x86.Build.0 = Debug|Any CPU
		{4BDB9E9F-2BF4-4FD4-8FE8-814D1236E6F3}.Release|Any CPU.ActiveCfg = Release|Any CPU
		{4BDB9E9F-2BF4-4FD4-8FE8-814D1236E6F3}.Release|Any CPU.Build.0 = Release|Any CPU
		{4BDB9E9F-2BF4-4FD4-8FE8-814D1236E6F3}.Release|x86.ActiveCfg = Release|Any CPU
		{4BDB9E9F-2BF4-4FD4-8FE8-814D1236E6F3}.Release|x86.Build.0 = Release|Any CPU
		{FD4E4F09-5590-4BAF-BB93-D8C56D5D08AD}.Debug|Any CPU.ActiveCfg = Debug|Any CPU
		{FD4E4F09-5590-4BAF-BB93-D8C56D5D08AD}.Debug|Any CPU.Build.0 = Debug|Any CPU
		{FD4E4F09-5590-4BAF-BB93-D8C56D5D08AD}.Debug|x86.ActiveCfg = Debug|Any CPU
		{FD4E4F09-5590-4BAF-BB93-D8C56D5D08AD}.Debug|x86.Build.0 = Debug|Any CPU
		{FD4E4F09-5590-4BAF-BB93-D8C56D5D08AD}.Release|Any CPU.ActiveCfg = Release|Any CPU
		{FD4E4F09-5590-4BAF-BB93-D8C56D5D08AD}.Release|Any CPU.Build.0 = Release|Any CPU
		{FD4E4F09-5590-4BAF-BB93-D8C56D5D08AD}.Release|x86.ActiveCfg = Release|Any CPU
		{FD4E4F09-5590-4BAF-BB93-D8C56D5D08AD}.Release|x86.Build.0 = Release|Any CPU
		{502FB2C3-32D1-47AF-9993-089089182BA9}.Debug|Any CPU.ActiveCfg = Debug|Any CPU
		{502FB2C3-32D1-47AF-9993-089089182BA9}.Debug|Any CPU.Build.0 = Debug|Any CPU
		{502FB2C3-32D1-47AF-9993-089089182BA9}.Debug|x86.ActiveCfg = Debug|Any CPU
		{502FB2C3-32D1-47AF-9993-089089182BA9}.Debug|x86.Build.0 = Debug|Any CPU
		{502FB2C3-32D1-47AF-9993-089089182BA9}.Release|Any CPU.ActiveCfg = Release|Any CPU
		{502FB2C3-32D1-47AF-9993-089089182BA9}.Release|Any CPU.Build.0 = Release|Any CPU
		{502FB2C3-32D1-47AF-9993-089089182BA9}.Release|x86.ActiveCfg = Release|Any CPU
		{502FB2C3-32D1-47AF-9993-089089182BA9}.Release|x86.Build.0 = Release|Any CPU
		{91D7865B-DB67-4B8F-A0AD-5345BBC3F515}.Debug|Any CPU.ActiveCfg = Debug|Any CPU
		{91D7865B-DB67-4B8F-A0AD-5345BBC3F515}.Debug|Any CPU.Build.0 = Debug|Any CPU
		{91D7865B-DB67-4B8F-A0AD-5345BBC3F515}.Debug|x86.ActiveCfg = Debug|Any CPU
		{91D7865B-DB67-4B8F-A0AD-5345BBC3F515}.Debug|x86.Build.0 = Debug|Any CPU
		{91D7865B-DB67-4B8F-A0AD-5345BBC3F515}.Release|Any CPU.ActiveCfg = Release|Any CPU
		{91D7865B-DB67-4B8F-A0AD-5345BBC3F515}.Release|Any CPU.Build.0 = Release|Any CPU
		{91D7865B-DB67-4B8F-A0AD-5345BBC3F515}.Release|x86.ActiveCfg = Release|Any CPU
		{91D7865B-DB67-4B8F-A0AD-5345BBC3F515}.Release|x86.Build.0 = Release|Any CPU
	EndGlobalSection
	GlobalSection(SolutionProperties) = preSolution
		HideSolutionNode = FALSE
	EndGlobalSection
	GlobalSection(NestedProjects) = preSolution
		{C412DB42-9922-470C-B78B-21D60443EF9F} = {4F6E7165-EB7C-45F6-BFA7-C0F62717E8B4}
		{56035BA3-5C6C-4492-8BB1-AADFBCA9677C} = {4F6E7165-EB7C-45F6-BFA7-C0F62717E8B4}
		{7D9D758C-48FA-40ED-BE03-EEDD1078E90A} = {7D57BE6C-724C-462F-878C-4F89FC56CC1B}
		{A51A8BDD-272D-4537-BFB7-0249E80D66A5} = {7D57BE6C-724C-462F-878C-4F89FC56CC1B}
		{4F6E7165-EB7C-45F6-BFA7-C0F62717E8B4} = {7D57BE6C-724C-462F-878C-4F89FC56CC1B}
		{B78E38E4-2AC3-4B8B-BD95-75D25BA2B3CC} = {D542773A-132C-4242-A086-BC6505F12B89}
		{77D8DA0E-AE0E-4C1E-BC36-98E1B9B6565B} = {D542773A-132C-4242-A086-BC6505F12B89}
		{351D888E-1695-411C-A6F5-D09DF198B48C} = {D542773A-132C-4242-A086-BC6505F12B89}
		{4BDB9E9F-2BF4-4FD4-8FE8-814D1236E6F3} = {D542773A-132C-4242-A086-BC6505F12B89}
		{FD4E4F09-5590-4BAF-BB93-D8C56D5D08AD} = {D542773A-132C-4242-A086-BC6505F12B89}
		{502FB2C3-32D1-47AF-9993-089089182BA9} = {D542773A-132C-4242-A086-BC6505F12B89}
		{91D7865B-DB67-4B8F-A0AD-5345BBC3F515} = {D542773A-132C-4242-A086-BC6505F12B89}
	EndGlobalSection
EndGlobal
