
Microsoft Visual Studio Solution File, Format Version 12.00
# Visual Studio 14
VisualStudioVersion = 14.0.23107.0
MinimumVisualStudioVersion = 10.0.40219.1
Project("{FAE04EC0-301F-11D3-BF4B-00C04F79EFBC}") = "CK.Infrastructure.Commands.Abstractions", "CK.Infrastructure.Commands.Abstractions\CK.Infrastructure.Commands.Abstractions.csproj", "{26F61E77-D59E-4820-A0B1-00A7E57DDB4E}"
EndProject
Project("{8BB2217D-0F2D-49D1-97BC-3654ED321F3B}") = "CK.Infrastructure.Commands", "CK.Infrastructure.Commands\CK.Infrastructure.Commands.xproj", "{0E843608-7752-44AD-9D82-AEDED5F8A723}"
EndProject
Project("{8BB2217D-0F2D-49D1-97BC-3654ED321F3B}") = "CK.Infrastructure.Commands.Tests", "CK.Infrastructure.Commands.Tests\CK.Infrastructure.Commands.Tests.xproj", "{732172E8-ECE3-48A6-A8D0-4DE7FC0EC419}"
EndProject
Project("{8BB2217D-0F2D-49D1-97BC-3654ED321F3B}") = "CK.Infrastructure.Commands.WebIntegration", "CK.Infrastructure.Commands.WebIntegration\CK.Infrastructure.Commands.WebIntegration.xproj", "{0506418E-9F16-4C48-9731-6513904913F2}"
EndProject
Project("{FAE04EC0-301F-11D3-BF4B-00C04F79EFBC}") = "CK.Infrastructure.Commands.Framework", "CK.Infrastructure.Commands.Framework\CK.Infrastructure.Commands.Framework.csproj", "{0B0307D3-0923-4E13-9AA7-23B5747610E7}"
EndProject
Project("{FAE04EC0-301F-11D3-BF4B-00C04F79EFBC}") = "CK.Infrastructure.Commands.Tests.Handlers", "CK.Infrastructure.Commands.Tests.Handlers\CK.Infrastructure.Commands.Tests.Handlers.csproj", "{B5F369B2-D95A-487C-9230-01BDA780152A}"
EndProject
Global
	GlobalSection(SolutionConfigurationPlatforms) = preSolution
		Debug|Any CPU = Debug|Any CPU
		Release|Any CPU = Release|Any CPU
	EndGlobalSection
	GlobalSection(ProjectConfigurationPlatforms) = postSolution
		{26F61E77-D59E-4820-A0B1-00A7E57DDB4E}.Debug|Any CPU.ActiveCfg = Debug|Any CPU
		{26F61E77-D59E-4820-A0B1-00A7E57DDB4E}.Debug|Any CPU.Build.0 = Debug|Any CPU
		{26F61E77-D59E-4820-A0B1-00A7E57DDB4E}.Release|Any CPU.ActiveCfg = Release|Any CPU
		{26F61E77-D59E-4820-A0B1-00A7E57DDB4E}.Release|Any CPU.Build.0 = Release|Any CPU
		{0E843608-7752-44AD-9D82-AEDED5F8A723}.Debug|Any CPU.ActiveCfg = Debug|Any CPU
		{0E843608-7752-44AD-9D82-AEDED5F8A723}.Debug|Any CPU.Build.0 = Debug|Any CPU
		{0E843608-7752-44AD-9D82-AEDED5F8A723}.Release|Any CPU.ActiveCfg = Release|Any CPU
		{0E843608-7752-44AD-9D82-AEDED5F8A723}.Release|Any CPU.Build.0 = Release|Any CPU
		{732172E8-ECE3-48A6-A8D0-4DE7FC0EC419}.Debug|Any CPU.ActiveCfg = Debug|Any CPU
		{732172E8-ECE3-48A6-A8D0-4DE7FC0EC419}.Debug|Any CPU.Build.0 = Debug|Any CPU
		{732172E8-ECE3-48A6-A8D0-4DE7FC0EC419}.Release|Any CPU.ActiveCfg = Release|Any CPU
		{732172E8-ECE3-48A6-A8D0-4DE7FC0EC419}.Release|Any CPU.Build.0 = Release|Any CPU
		{0506418E-9F16-4C48-9731-6513904913F2}.Debug|Any CPU.ActiveCfg = Debug|Any CPU
		{0506418E-9F16-4C48-9731-6513904913F2}.Debug|Any CPU.Build.0 = Debug|Any CPU
		{0506418E-9F16-4C48-9731-6513904913F2}.Release|Any CPU.ActiveCfg = Release|Any CPU
		{0506418E-9F16-4C48-9731-6513904913F2}.Release|Any CPU.Build.0 = Release|Any CPU
		{0B0307D3-0923-4E13-9AA7-23B5747610E7}.Debug|Any CPU.ActiveCfg = Debug|Any CPU
		{0B0307D3-0923-4E13-9AA7-23B5747610E7}.Debug|Any CPU.Build.0 = Debug|Any CPU
		{0B0307D3-0923-4E13-9AA7-23B5747610E7}.Release|Any CPU.ActiveCfg = Release|Any CPU
		{0B0307D3-0923-4E13-9AA7-23B5747610E7}.Release|Any CPU.Build.0 = Release|Any CPU
		{B5F369B2-D95A-487C-9230-01BDA780152A}.Debug|Any CPU.ActiveCfg = Debug|Any CPU
		{B5F369B2-D95A-487C-9230-01BDA780152A}.Debug|Any CPU.Build.0 = Debug|Any CPU
		{B5F369B2-D95A-487C-9230-01BDA780152A}.Release|Any CPU.ActiveCfg = Release|Any CPU
		{B5F369B2-D95A-487C-9230-01BDA780152A}.Release|Any CPU.Build.0 = Release|Any CPU
	EndGlobalSection
	GlobalSection(SolutionProperties) = preSolution
		HideSolutionNode = FALSE
	EndGlobalSection
EndGlobal
